
Microsoft Visual Studio Solution File, Format Version 12.00
# Visual Studio 2013
VisualStudioVersion = 12.0.31101.0
MinimumVisualStudioVersion = 10.0.40219.1
Project("{FAE04EC0-301F-11D3-BF4B-00C04F79EFBC}") = "vshost32", "vshost32\vshost32.csproj", "{E5B8D709-06EE-42E7-880E-D821FF3517F6}"
EndProject
Project("{54435603-DBB4-11D2-8724-00A0C9A8B90C}") = "vshost Setup", "vshost Setup\vshost Setup.vdproj", "{9C0B47B8-761F-4DD8-AB88-0B469D86C295}"
EndProject
Global
	GlobalSection(SolutionConfigurationPlatforms) = preSolution
		Debug|Any CPU = Debug|Any CPU
		Release|Any CPU = Release|Any CPU
	EndGlobalSection
	GlobalSection(ProjectConfigurationPlatforms) = postSolution
		{E5B8D709-06EE-42E7-880E-D821FF3517F6}.Debug|Any CPU.ActiveCfg = Debug|Any CPU
		{E5B8D709-06EE-42E7-880E-D821FF3517F6}.Debug|Any CPU.Build.0 = Debug|Any CPU
		{E5B8D709-06EE-42E7-880E-D821FF3517F6}.Release|Any CPU.ActiveCfg = Release|Any CPU
		{E5B8D709-06EE-42E7-880E-D821FF3517F6}.Release|Any CPU.Build.0 = Release|Any CPU
		{9C0B47B8-761F-4DD8-AB88-0B469D86C295}.Debug|Any CPU.ActiveCfg = Debug
		{9C0B47B8-761F-4DD8-AB88-0B469D86C295}.Release|Any CPU.ActiveCfg = Release
	EndGlobalSection
	GlobalSection(SolutionProperties) = preSolution
		HideSolutionNode = FALSE
	EndGlobalSection
EndGlobal
